
Microsoft Visual Studio Solution File, Format Version 12.00
# Visual Studio Version 16
VisualStudioVersion = 16.0.29215.179
MinimumVisualStudioVersion = 10.0.40219.1
Project("{FAE04EC0-301F-11D3-BF4B-00C04F79EFBC}") = "FeedMeClient", "FeedMeClient\FeedMeClient.csproj", "{549916CA-2C00-46AC-BF19-F5A28B6FE751}"
EndProject
Project("{FAE04EC0-301F-11D3-BF4B-00C04F79EFBC}") = "FeedMeWeb", "FeedMeWeb\FeedMeWeb.csproj", "{481E5C6C-F788-4F84-A778-5490287223F2}"
EndProject
Project("{FAE04EC0-301F-11D3-BF4B-00C04F79EFBC}") = "FeedMeServer", "FeedMeServer\FeedMeServer.csproj", "{4EFEB5C1-F93E-484E-B778-1C6F1FFF5CAD}"
EndProject
Global
	GlobalSection(SolutionConfigurationPlatforms) = preSolution
		Debug|Any CPU = Debug|Any CPU
		Release|Any CPU = Release|Any CPU
	EndGlobalSection
	GlobalSection(ProjectConfigurationPlatforms) = postSolution
		{549916CA-2C00-46AC-BF19-F5A28B6FE751}.Debug|Any CPU.ActiveCfg = Debug|Any CPU
		{549916CA-2C00-46AC-BF19-F5A28B6FE751}.Debug|Any CPU.Build.0 = Debug|Any CPU
		{549916CA-2C00-46AC-BF19-F5A28B6FE751}.Release|Any CPU.ActiveCfg = Release|Any CPU
		{549916CA-2C00-46AC-BF19-F5A28B6FE751}.Release|Any CPU.Build.0 = Release|Any CPU
		{481E5C6C-F788-4F84-A778-5490287223F2}.Debug|Any CPU.ActiveCfg = Debug|Any CPU
		{481E5C6C-F788-4F84-A778-5490287223F2}.Debug|Any CPU.Build.0 = Debug|Any CPU
		{481E5C6C-F788-4F84-A778-5490287223F2}.Release|Any CPU.ActiveCfg = Release|Any CPU
		{481E5C6C-F788-4F84-A778-5490287223F2}.Release|Any CPU.Build.0 = Release|Any CPU
		{4EFEB5C1-F93E-484E-B778-1C6F1FFF5CAD}.Debug|Any CPU.ActiveCfg = Debug|Any CPU
		{4EFEB5C1-F93E-484E-B778-1C6F1FFF5CAD}.Debug|Any CPU.Build.0 = Debug|Any CPU
		{4EFEB5C1-F93E-484E-B778-1C6F1FFF5CAD}.Release|Any CPU.ActiveCfg = Release|Any CPU
		{4EFEB5C1-F93E-484E-B778-1C6F1FFF5CAD}.Release|Any CPU.Build.0 = Release|Any CPU
	EndGlobalSection
	GlobalSection(SolutionProperties) = preSolution
		HideSolutionNode = FALSE
	EndGlobalSection
	GlobalSection(ExtensibilityGlobals) = postSolution
		SolutionGuid = {DF7AC24B-FDFF-4C26-82DD-A5C1EE35F7C4}
	EndGlobalSection
EndGlobal
