
Microsoft Visual Studio Solution File, Format Version 12.00
# Visual Studio Version 16
VisualStudioVersion = 16.0.29215.179
MinimumVisualStudioVersion = 10.0.40219.1
Project("{FAE04EC0-301F-11D3-BF4B-00C04F79EFBC}") = "FeedMeClient", "FeedMeClient\FeedMeClient.csproj", "{549916CA-2C00-46AC-BF19-F5A28B6FE751}"
EndProject
Project("{FAE04EC0-301F-11D3-BF4B-00C04F79EFBC}") = "FeedMeServer", "FeedMeServer\FeedMeServer.csproj", "{4EFEB5C1-F93E-484E-B778-1C6F1FFF5CAD}"
EndProject
Project("{FAE04EC0-301F-11D3-BF4B-00C04F79EFBC}") = "FeedMeSerialization", "FeedMeSerialization\FeedMeSerialization.csproj", "{5B06A087-EA59-4960-A8EB-A26A4134379B}"
EndProject
Project("{FAE04EC0-301F-11D3-BF4B-00C04F79EFBC}") = "FeedMeNetworking", "FeedMeNetworking\FeedMeNetworking.csproj", "{0D28C0D9-E040-460F-B2F4-42982A5E226A}"
EndProject
Project("{FAE04EC0-301F-11D3-BF4B-00C04F79EFBC}") = "FeedMeWebAPI", "FeedMeWebAPI\FeedMeWebAPI.csproj", "{E73F5AD0-CE54-4C14-8191-4AA6E1726F44}"
EndProject
Project("{9A19103F-16F7-4668-BE54-9A1E7A4F7556}") = "FeedMeServerCore", "FeedMeServerCore\FeedMeServerCore.csproj", "{1253E35D-66EF-47E3-B33F-E80059975C53}"
EndProject
Project("{FAE04EC0-301F-11D3-BF4B-00C04F79EFBC}") = "FeedMeLogic", "FeedMeLogic\FeedMeLogic.csproj", "{5947DD88-2519-4BC6-A82F-77F0A1AE63C8}"
EndProject
Project("{FAE04EC0-301F-11D3-BF4B-00C04F79EFBC}") = "FeedMeVendorUI", "FeedMeVendorUI\FeedMeVendorUI.csproj", "{2336F855-191A-4CC7-B4F9-2115BD94AC8E}"
EndProject
Global
	GlobalSection(SolutionConfigurationPlatforms) = preSolution
		Debug|Any CPU = Debug|Any CPU
		Release|Any CPU = Release|Any CPU
	EndGlobalSection
	GlobalSection(ProjectConfigurationPlatforms) = postSolution
		{549916CA-2C00-46AC-BF19-F5A28B6FE751}.Debug|Any CPU.ActiveCfg = Debug|Any CPU
		{549916CA-2C00-46AC-BF19-F5A28B6FE751}.Debug|Any CPU.Build.0 = Debug|Any CPU
		{549916CA-2C00-46AC-BF19-F5A28B6FE751}.Release|Any CPU.ActiveCfg = Release|Any CPU
		{549916CA-2C00-46AC-BF19-F5A28B6FE751}.Release|Any CPU.Build.0 = Release|Any CPU
		{4EFEB5C1-F93E-484E-B778-1C6F1FFF5CAD}.Debug|Any CPU.ActiveCfg = Debug|Any CPU
		{4EFEB5C1-F93E-484E-B778-1C6F1FFF5CAD}.Debug|Any CPU.Build.0 = Debug|Any CPU
		{4EFEB5C1-F93E-484E-B778-1C6F1FFF5CAD}.Release|Any CPU.ActiveCfg = Release|Any CPU
		{4EFEB5C1-F93E-484E-B778-1C6F1FFF5CAD}.Release|Any CPU.Build.0 = Release|Any CPU
		{5B06A087-EA59-4960-A8EB-A26A4134379B}.Debug|Any CPU.ActiveCfg = Debug|Any CPU
		{5B06A087-EA59-4960-A8EB-A26A4134379B}.Debug|Any CPU.Build.0 = Debug|Any CPU
		{5B06A087-EA59-4960-A8EB-A26A4134379B}.Release|Any CPU.ActiveCfg = Release|Any CPU
		{5B06A087-EA59-4960-A8EB-A26A4134379B}.Release|Any CPU.Build.0 = Release|Any CPU
		{0D28C0D9-E040-460F-B2F4-42982A5E226A}.Debug|Any CPU.ActiveCfg = Debug|Any CPU
		{0D28C0D9-E040-460F-B2F4-42982A5E226A}.Debug|Any CPU.Build.0 = Debug|Any CPU
		{0D28C0D9-E040-460F-B2F4-42982A5E226A}.Release|Any CPU.ActiveCfg = Release|Any CPU
		{0D28C0D9-E040-460F-B2F4-42982A5E226A}.Release|Any CPU.Build.0 = Release|Any CPU
		{E73F5AD0-CE54-4C14-8191-4AA6E1726F44}.Debug|Any CPU.ActiveCfg = Debug|Any CPU
		{E73F5AD0-CE54-4C14-8191-4AA6E1726F44}.Debug|Any CPU.Build.0 = Debug|Any CPU
		{E73F5AD0-CE54-4C14-8191-4AA6E1726F44}.Release|Any CPU.ActiveCfg = Release|Any CPU
		{E73F5AD0-CE54-4C14-8191-4AA6E1726F44}.Release|Any CPU.Build.0 = Release|Any CPU
		{1253E35D-66EF-47E3-B33F-E80059975C53}.Debug|Any CPU.ActiveCfg = Debug|Any CPU
		{1253E35D-66EF-47E3-B33F-E80059975C53}.Debug|Any CPU.Build.0 = Debug|Any CPU
		{1253E35D-66EF-47E3-B33F-E80059975C53}.Release|Any CPU.ActiveCfg = Release|Any CPU
		{1253E35D-66EF-47E3-B33F-E80059975C53}.Release|Any CPU.Build.0 = Release|Any CPU
		{5947DD88-2519-4BC6-A82F-77F0A1AE63C8}.Debug|Any CPU.ActiveCfg = Debug|Any CPU
		{5947DD88-2519-4BC6-A82F-77F0A1AE63C8}.Debug|Any CPU.Build.0 = Debug|Any CPU
		{5947DD88-2519-4BC6-A82F-77F0A1AE63C8}.Release|Any CPU.ActiveCfg = Release|Any CPU
		{5947DD88-2519-4BC6-A82F-77F0A1AE63C8}.Release|Any CPU.Build.0 = Release|Any CPU
		{2336F855-191A-4CC7-B4F9-2115BD94AC8E}.Debug|Any CPU.ActiveCfg = Debug|Any CPU
		{2336F855-191A-4CC7-B4F9-2115BD94AC8E}.Debug|Any CPU.Build.0 = Debug|Any CPU
		{2336F855-191A-4CC7-B4F9-2115BD94AC8E}.Release|Any CPU.ActiveCfg = Release|Any CPU
		{2336F855-191A-4CC7-B4F9-2115BD94AC8E}.Release|Any CPU.Build.0 = Release|Any CPU
	EndGlobalSection
	GlobalSection(SolutionProperties) = preSolution
		HideSolutionNode = FALSE
	EndGlobalSection
	GlobalSection(ExtensibilityGlobals) = postSolution
		SolutionGuid = {DF7AC24B-FDFF-4C26-82DD-A5C1EE35F7C4}
	EndGlobalSection
EndGlobal
